
Microsoft Visual Studio Solution File, Format Version 12.00
# Visual Studio Version 16
VisualStudioVersion = 16.0.30804.86
MinimumVisualStudioVersion = 10.0.40219.1
Project("{9A19103F-16F7-4668-BE54-9A1E7A4F7556}") = "BlazorMivies.Shared", "BlazorMivies\Shared\BlazorMivies.Shared.csproj", "{33824419-F8FA-49FB-ACD3-D8D9D4ED2552}"
EndProject
Project("{9A19103F-16F7-4668-BE54-9A1E7A4F7556}") = "BlazorMivies.Client", "BlazorMivies\Client\BlazorMivies.Client.csproj", "{9E448969-69F3-422E-B63E-78CB0772565D}"
EndProject
Project("{9A19103F-16F7-4668-BE54-9A1E7A4F7556}") = "BlazorMivies.Server", "BlazorMivies\Server\BlazorMivies.Server.csproj", "{40775318-C9AF-4A7A-BA4F-C9A60C4361E3}"
EndProject
Global
	GlobalSection(SolutionConfigurationPlatforms) = preSolution
		Debug|Any CPU = Debug|Any CPU
		Release|Any CPU = Release|Any CPU
	EndGlobalSection
	GlobalSection(ProjectConfigurationPlatforms) = postSolution
		{33824419-F8FA-49FB-ACD3-D8D9D4ED2552}.Debug|Any CPU.ActiveCfg = Debug|Any CPU
		{33824419-F8FA-49FB-ACD3-D8D9D4ED2552}.Debug|Any CPU.Build.0 = Debug|Any CPU
		{33824419-F8FA-49FB-ACD3-D8D9D4ED2552}.Release|Any CPU.ActiveCfg = Release|Any CPU
		{33824419-F8FA-49FB-ACD3-D8D9D4ED2552}.Release|Any CPU.Build.0 = Release|Any CPU
		{9E448969-69F3-422E-B63E-78CB0772565D}.Debug|Any CPU.ActiveCfg = Debug|Any CPU
		{9E448969-69F3-422E-B63E-78CB0772565D}.Debug|Any CPU.Build.0 = Debug|Any CPU
		{9E448969-69F3-422E-B63E-78CB0772565D}.Release|Any CPU.ActiveCfg = Release|Any CPU
		{9E448969-69F3-422E-B63E-78CB0772565D}.Release|Any CPU.Build.0 = Release|Any CPU
		{40775318-C9AF-4A7A-BA4F-C9A60C4361E3}.Debug|Any CPU.ActiveCfg = Debug|Any CPU
		{40775318-C9AF-4A7A-BA4F-C9A60C4361E3}.Debug|Any CPU.Build.0 = Debug|Any CPU
		{40775318-C9AF-4A7A-BA4F-C9A60C4361E3}.Release|Any CPU.ActiveCfg = Release|Any CPU
		{40775318-C9AF-4A7A-BA4F-C9A60C4361E3}.Release|Any CPU.Build.0 = Release|Any CPU
	EndGlobalSection
	GlobalSection(SolutionProperties) = preSolution
		HideSolutionNode = FALSE
	EndGlobalSection
	GlobalSection(ExtensibilityGlobals) = postSolution
		SolutionGuid = {4E147262-43A6-4316-B050-8598B1FCBB01}
	EndGlobalSection
EndGlobal
